
Microsoft Visual Studio Solution File, Format Version 12.00
# Visual Studio 15
VisualStudioVersion = 15.0.28307.421
MinimumVisualStudioVersion = 10.0.40219.1
Project("{FAE04EC0-301F-11D3-BF4B-00C04F79EFBC}") = "XboxEepromEditor", "XboxEepromEditor\XboxEepromEditor.csproj", "{9847D1FB-8145-46BC-BA59-54CCF61163C6}"
EndProject
Global
	GlobalSection(SolutionConfigurationPlatforms) = preSolution
		Debug|Any CPU = Debug|Any CPU
		Release|Any CPU = Release|Any CPU
	EndGlobalSection
	GlobalSection(ProjectConfigurationPlatforms) = postSolution
		{9847D1FB-8145-46BC-BA59-54CCF61163C6}.Debug|Any CPU.ActiveCfg = Debug|Any CPU
		{9847D1FB-8145-46BC-BA59-54CCF61163C6}.Debug|Any CPU.Build.0 = Debug|Any CPU
		{9847D1FB-8145-46BC-BA59-54CCF61163C6}.Release|Any CPU.ActiveCfg = Release|Any CPU
		{9847D1FB-8145-46BC-BA59-54CCF61163C6}.Release|Any CPU.Build.0 = Release|Any CPU
	EndGlobalSection
	GlobalSection(SolutionProperties) = preSolution
		HideSolutionNode = FALSE
	EndGlobalSection
	GlobalSection(ExtensibilityGlobals) = postSolution
		SolutionGuid = {B63387FF-8EE2-4ADF-875F-9E9C6A857D38}
	EndGlobalSection
EndGlobal
